github.com/golang/glog v1.0.0 h1:nfP3RFugxnNRyKgeWd4oI1nYvXpxrx8ck8ZrcizshdQ=
github.com/golang/glog v1.0.0/go.mod h1:EWib/APOK0SL3dFbYqvxE3UYd8E6s1ouQ7iEp/0LWV4=
github.com/open-horizon/edge-sync-service-client v0.0.0-20190711093406-dc3a19905da2 h1:ZmX/tuCgFVbe07pqObNWf14cAYpHN8gVRSkWnbtSUW4=
github.com/open-horizon/edge-sync-service-client v0.0.0-20190711093406-dc3a19905da2/go.mod h1:rKW01VtqwtwaUQ+zkJ80X5EeGqsTblQE4J9HxPUtTAQ=
github.com/open-horizon/edge-utilities v0.0.0-20190711093331-0908b45a7152 h1:YEvNOMo3ANOQ3AwsU0cCcBA4nKHDLUlyUCRWk5rBf68=
github.com/open-horizon/edge-utilities v0.0.0-20190711093331-0908b45a7152/go.mod h1:YCsJWhuG0VERquI0geFKoneCSOVAyMdSmylGz5OlZdE=
